// !$*UTF8*$!
{
	archiveVersion = 1;
	classes = {
	};
	objectVersion = 48;
	objects = {

/* Begin PBXBuildFile section */
		51BF7DB51FB007330040BE9D /* AppDelegate.m in Sources */ = {isa = PBXBuildFile; fileRef = 51BF7DB41FB007330040BE9D /* AppDelegate.m */; };
		51BF7DBD1FB007330040BE9D /* Assets.xcassets in Resources */ = {isa = PBXBuildFile; fileRef = 51BF7DBC1FB007330040BE9D /* Assets.xcassets */; };
		51BF7DC01FB007330040BE9D /* LaunchScreen.storyboard in Resources */ = {isa = PBXBuildFile; fileRef = 51BF7DBE1FB007330040BE9D /* LaunchScreen.storyboard */; };
		51BF7DC31FB007330040BE9D /* main.m in Sources */ = {isa = PBXBuildFile; fileRef = 51BF7DC21FB007330040BE9D /* main.m */; };
		51BF7DCD1FB007330040BE9D /* TBScrollViewEmptyTests.m in Sources */ = {isa = PBXBuildFile; fileRef = 51BF7DCC1FB007330040BE9D /* TBScrollViewEmptyTests.m */; };
		51BF7DD81FB007330040BE9D /* TBScrollViewEmptyUITests.m in Sources */ = {isa = PBXBuildFile; fileRef = 51BF7DD71FB007330040BE9D /* TBScrollViewEmptyUITests.m */; };
		51BF7DEC1FB007570040BE9D /* TBMainVC.m in Sources */ = {isa = PBXBuildFile; fileRef = 51BF7DE71FB007570040BE9D /* TBMainVC.m */; };
		51BF7DED1FB007570040BE9D /* TBTableViewController.m in Sources */ = {isa = PBXBuildFile; fileRef = 51BF7DE91FB007570040BE9D /* TBTableViewController.m */; };
		51BF7DEE1FB007570040BE9D /* UIScrollView+TBEmpty.m in Sources */ = {isa = PBXBuildFile; fileRef = 51BF7DEB1FB007570040BE9D /* UIScrollView+TBEmpty.m */; };
		51BF7E211FB007BA0040BE9D /* LICENSE in Resources */ = {isa = PBXBuildFile; fileRef = 51BF7DF01FB007B90040BE9D /* LICENSE */; };
		51BF7E221FB007BA0040BE9D /* MJRefreshAutoFooter.m in Sources */ = {isa = PBXBuildFile; fileRef = 51BF7DF41FB007B90040BE9D /* MJRefreshAutoFooter.m */; };
		51BF7E231FB007BA0040BE9D /* MJRefreshBackFooter.m in Sources */ = {isa = PBXBuildFile; fileRef = 51BF7DF61FB007B90040BE9D /* MJRefreshBackFooter.m */; };
		51BF7E241FB007BA0040BE9D /* MJRefreshComponent.m in Sources */ = {isa = PBXBuildFile; fileRef = 51BF7DF81FB007B90040BE9D /* MJRefreshComponent.m */; };
		51BF7E251FB007BA0040BE9D /* MJRefreshFooter.m in Sources */ = {isa = PBXBuildFile; fileRef = 51BF7DFA1FB007B90040BE9D /* MJRefreshFooter.m */; };
		51BF7E261FB007BA0040BE9D /* MJRefreshHeader.m in Sources */ = {isa = PBXBuildFile; fileRef = 51BF7DFC1FB007B90040BE9D /* MJRefreshHeader.m */; };
		51BF7E271FB007BA0040BE9D /* MJRefreshAutoGifFooter.m in Sources */ = {isa = PBXBuildFile; fileRef = 51BF7E011FB007B90040BE9D /* MJRefreshAutoGifFooter.m */; };
		51BF7E281FB007BA0040BE9D /* MJRefreshAutoNormalFooter.m in Sources */ = {isa = PBXBuildFile; fileRef = 51BF7E031FB007B90040BE9D /* MJRefreshAutoNormalFooter.m */; };
		51BF7E291FB007BA0040BE9D /* MJRefreshAutoStateFooter.m in Sources */ = {isa = PBXBuildFile; fileRef = 51BF7E051FB007B90040BE9D /* MJRefreshAutoStateFooter.m */; };
		51BF7E2A1FB007BA0040BE9D /* MJRefreshBackGifFooter.m in Sources */ = {isa = PBXBuildFile; fileRef = 51BF7E081FB007B90040BE9D /* MJRefreshBackGifFooter.m */; };
		51BF7E2B1FB007BA0040BE9D /* MJRefreshBackNormalFooter.m in Sources */ = {isa = PBXBuildFile; fileRef = 51BF7E0A1FB007B90040BE9D /* MJRefreshBackNormalFooter.m */; };
		51BF7E2C1FB007BA0040BE9D /* MJRefreshBackStateFooter.m in Sources */ = {isa = PBXBuildFile; fileRef = 51BF7E0C1FB007B90040BE9D /* MJRefreshBackStateFooter.m */; };
		51BF7E2D1FB007BA0040BE9D /* MJRefreshGifHeader.m in Sources */ = {isa = PBXBuildFile; fileRef = 51BF7E0F1FB007B90040BE9D /* MJRefreshGifHeader.m */; };
		51BF7E2E1FB007BA0040BE9D /* MJRefreshNormalHeader.m in Sources */ = {isa = PBXBuildFile; fileRef = 51BF7E111FB007B90040BE9D /* MJRefreshNormalHeader.m */; };
		51BF7E2F1FB007BA0040BE9D /* MJRefreshStateHeader.m in Sources */ = {isa = PBXBuildFile; fileRef = 51BF7E131FB007B90040BE9D /* MJRefreshStateHeader.m */; };
		51BF7E301FB007BA0040BE9D /* MJRefresh.bundle in Resources */ = {isa = PBXBuildFile; fileRef = 51BF7E141FB007B90040BE9D /* MJRefresh.bundle */; };
		51BF7E311FB007BA0040BE9D /* MJRefreshConst.m in Sources */ = {isa = PBXBuildFile; fileRef = 51BF7E171FB007B90040BE9D /* MJRefreshConst.m */; };
		51BF7E321FB007BA0040BE9D /* NSBundle+MJRefresh.m in Sources */ = {isa = PBXBuildFile; fileRef = 51BF7E191FB007B90040BE9D /* NSBundle+MJRefresh.m */; };
		51BF7E331FB007BA0040BE9D /* UIScrollView+MJExtension.m in Sources */ = {isa = PBXBuildFile; fileRef = 51BF7E1B1FB007B90040BE9D /* UIScrollView+MJExtension.m */; };
		51BF7E341FB007BA0040BE9D /* UIScrollView+MJRefresh.m in Sources */ = {isa = PBXBuildFile; fileRef = 51BF7E1D1FB007BA0040BE9D /* UIScrollView+MJRefresh.m */; };
		51BF7E351FB007BA0040BE9D /* UIView+MJExtension.m in Sources */ = {isa = PBXBuildFile; fileRef = 51BF7E1F1FB007BA0040BE9D /* UIView+MJExtension.m */; };
		51BF7E361FB007BA0040BE9D /* README.md in Resources */ = {isa = PBXBuildFile; fileRef = 51BF7E201FB007BA0040BE9D /* README.md */; };
		51BF7E3C1FB00D4B0040BE9D /* TBCollectionViewController.m in Sources */ = {isa = PBXBuildFile; fileRef = 51BF7E3B1FB00D4A0040BE9D /* TBCollectionViewController.m */; };
		51BF7E3E1FB036710040BE9D /* 2017-11-06 14_18_56.gif in Resources */ = {isa = PBXBuildFile; fileRef = 51BF7E3D1FB036710040BE9D /* 2017-11-06 14_18_56.gif */; };
		51BF7E401FB0387B0040BE9D /* 2017-11-06 14_26_04.gif in Resources */ = {isa = PBXBuildFile; fileRef = 51BF7E3F1FB0387B0040BE9D /* 2017-11-06 14_26_04.gif */; };
/* End PBXBuildFile section */

/* Begin PBXContainerItemProxy section */
		51BF7DC91FB007330040BE9D /* PBXContainerItemProxy */ = {
			isa = PBXContainerItemProxy;
			containerPortal = 51BF7DA81FB007330040BE9D /* Project object */;
			proxyType = 1;
			remoteGlobalIDString = 51BF7DAF1FB007330040BE9D;
			remoteInfo = TBScrollViewEmpty;
		};
		51BF7DD41FB007330040BE9D /* PBXContainerItemProxy */ = {
			isa = PBXContainerItemProxy;
			containerPortal = 51BF7DA81FB007330040BE9D /* Project object */;
			proxyType = 1;
			remoteGlobalIDString = 51BF7DAF1FB007330040BE9D;
			remoteInfo = TBScrollViewEmpty;
		};
/* End PBXContainerItemProxy section */

/* Begin PBXFileReference section */
		51BF7DB01FB007330040BE9D /* TBScrollViewEmpty.app */ = {isa = PBXFileReference; explicitFileType = wrapper.application; includeInIndex = 0; path = TBScrollViewEmpty.app; sourceTree = BUILT_PRODUCTS_DIR; };
		51BF7DB31FB007330040BE9D /* AppDelegate.h */ = {isa = PBXFileReference; lastKnownFileType = sourcecode.c.h; path = AppDelegate.h; sourceTree = "<group>"; };
		51BF7DB41FB007330040BE9D /* AppDelegate.m */ = {isa = PBXFileReference; lastKnownFileType = sourcecode.c.objc; path = AppDelegate.m; sourceTree = "<group>"; };
		51BF7DBC1FB007330040BE9D /* Assets.xcassets */ = {isa = PBXFileReference; lastKnownFileType = folder.assetcatalog; path = Assets.xcassets; sourceTree = "<group>"; };
		51BF7DBF1FB007330040BE9D /* Base */ = {isa = PBXFileReference; lastKnownFileType = file.storyboard; name = Base; path = Base.lproj/LaunchScreen.storyboard; sourceTree = "<group>"; };
		51BF7DC11FB007330040BE9D /* Info.plist */ = {isa = PBXFileReference; lastKnownFileType = text.plist.xml; path = Info.plist; sourceTree = "<group>"; };
		51BF7DC21FB007330040BE9D /* main.m */ = {isa = PBXFileReference; lastKnownFileType = sourcecode.c.objc; path = main.m; sourceTree = "<group>"; };
		51BF7DC81FB007330040BE9D /* TBScrollViewEmptyTests.xctest */ = {isa = PBXFileReference; explicitFileType = wrapper.cfbundle; includeInIndex = 0; path = TBScrollViewEmptyTests.xctest; sourceTree = BUILT_PRODUCTS_DIR; };
		51BF7DCC1FB007330040BE9D /* TBScrollViewEmptyTests.m */ = {isa = PBXFileReference; lastKnownFileType = sourcecode.c.objc; path = TBScrollViewEmptyTests.m; sourceTree = "<group>"; };
		51BF7DCE1FB007330040BE9D /* Info.plist */ = {isa = PBXFileReference; lastKnownFileType = text.plist.xml; path = Info.plist; sourceTree = "<group>"; };
		51BF7DD31FB007330040BE9D /* TBScrollViewEmptyUITests.xctest */ = {isa = PBXFileReference; explicitFileType = wrapper.cfbundle; includeInIndex = 0; path = TBScrollViewEmptyUITests.xctest; sourceTree = BUILT_PRODUCTS_DIR; };
		51BF7DD71FB007330040BE9D /* TBScrollViewEmptyUITests.m */ = {isa = PBXFileReference; lastKnownFileType = sourcecode.c.objc; path = TBScrollViewEmptyUITests.m; sourceTree = "<group>"; };
		51BF7DD91FB007330040BE9D /* Info.plist */ = {isa = PBXFileReference; lastKnownFileType = text.plist.xml; path = Info.plist; sourceTree = "<group>"; };
		51BF7DE61FB007570040BE9D /* TBMainVC.h */ = {isa = PBXFileReference; fileEncoding = 4; lastKnownFileType = sourcecode.c.h; path = TBMainVC.h; sourceTree = "<group>"; };
		51BF7DE71FB007570040BE9D /* TBMainVC.m */ = {isa = PBXFileReference; fileEncoding = 4; lastKnownFileType = sourcecode.c.objc; path = TBMainVC.m; sourceTree = "<group>"; };
		51BF7DE81FB007570040BE9D /* TBTableViewController.h */ = {isa = PBXFileReference; fileEncoding = 4; lastKnownFileType = sourcecode.c.h; path = TBTableViewController.h; sourceTree = "<group>"; };
		51BF7DE91FB007570040BE9D /* TBTableViewController.m */ = {isa = PBXFileReference; fileEncoding = 4; lastKnownFileType = sourcecode.c.objc; path = TBTableViewController.m; sourceTree = "<group>"; };
		51BF7DEA1FB007570040BE9D /* UIScrollView+TBEmpty.h */ = {isa = PBXFileReference; fileEncoding = 4; lastKnownFileType = sourcecode.c.h; path = "UIScrollView+TBEmpty.h"; sourceTree = "<group>"; };
		51BF7DEB1FB007570040BE9D /* UIScrollView+TBEmpty.m */ = {isa = PBXFileReference; fileEncoding = 4; lastKnownFileType = sourcecode.c.objc; path = "UIScrollView+TBEmpty.m"; sourceTree = "<group>"; };
		51BF7DF01FB007B90040BE9D /* LICENSE */ = {isa = PBXFileReference; fileEncoding = 4; lastKnownFileType = text; path = LICENSE; sourceTree = "<group>"; };
		51BF7DF31FB007B90040BE9D /* MJRefreshAutoFooter.h */ = {isa = PBXFileReference; fileEncoding = 4; lastKnownFileType = sourcecode.c.h; path = MJRefreshAutoFooter.h; sourceTree = "<group>"; };
		51BF7DF41FB007B90040BE9D /* MJRefreshAutoFooter.m */ = {isa = PBXFileReference; fileEncoding = 4; lastKnownFileType = sourcecode.c.objc; path = MJRefreshAutoFooter.m; sourceTree = "<group>"; };
		51BF7DF51FB007B90040BE9D /* MJRefreshBackFooter.h */ = {isa = PBXFileReference; fileEncoding = 4; lastKnownFileType = sourcecode.c.h; path = MJRefreshBackFooter.h; sourceTree = "<group>"; };
		51BF7DF61FB007B90040BE9D /* MJRefreshBackFooter.m */ = {isa = PBXFileReference; fileEncoding = 4; lastKnownFileType = sourcecode.c.objc; path = MJRefreshBackFooter.m; sourceTree = "<group>"; };
		51BF7DF71FB007B90040BE9D /* MJRefreshComponent.h */ = {isa = PBXFileReference; fileEncoding = 4; lastKnownFileType = sourcecode.c.h; path = MJRefreshComponent.h; sourceTree = "<group>"; };
		51BF7DF81FB007B90040BE9D /* MJRefreshComponent.m */ = {isa = PBXFileReference; fileEncoding = 4; lastKnownFileType = sourcecode.c.objc; path = MJRefreshComponent.m; sourceTree = "<group>"; };
		51BF7DF91FB007B90040BE9D /* MJRefreshFooter.h */ = {isa = PBXFileReference; fileEncoding = 4; lastKnownFileType = sourcecode.c.h; path = MJRefreshFooter.h; sourceTree = "<group>"; };
		51BF7DFA1FB007B90040BE9D /* MJRefreshFooter.m */ = {isa = PBXFileReference; fileEncoding = 4; lastKnownFileType = sourcecode.c.objc; path = MJRefreshFooter.m; sourceTree = "<group>"; };
		51BF7DFB1FB007B90040BE9D /* MJRefreshHeader.h */ = {isa = PBXFileReference; fileEncoding = 4; lastKnownFileType = sourcecode.c.h; path = MJRefreshHeader.h; sourceTree = "<group>"; };
		51BF7DFC1FB007B90040BE9D /* MJRefreshHeader.m */ = {isa = PBXFileReference; fileEncoding = 4; lastKnownFileType = sourcecode.c.objc; path = MJRefreshHeader.m; sourceTree = "<group>"; };
		51BF7E001FB007B90040BE9D /* MJRefreshAutoGifFooter.h */ = {isa = PBXFileReference; fileEncoding = 4; lastKnownFileType = sourcecode.c.h; path = MJRefreshAutoGifFooter.h; sourceTree = "<group>"; };
		51BF7E011FB007B90040BE9D /* MJRefreshAutoGifFooter.m */ = {isa = PBXFileReference; fileEncoding = 4; lastKnownFileType = sourcecode.c.objc; path = MJRefreshAutoGifFooter.m; sourceTree = "<group>"; };
		51BF7E021FB007B90040BE9D /* MJRefreshAutoNormalFooter.h */ = {isa = PBXFileReference; fileEncoding = 4; lastKnownFileType = sourcecode.c.h; path = MJRefreshAutoNormalFooter.h; sourceTree = "<group>"; };
		51BF7E031FB007B90040BE9D /* MJRefreshAutoNormalFooter.m */ = {isa = PBXFileReference; fileEncoding = 4; lastKnownFileType = sourcecode.c.objc; path = MJRefreshAutoNormalFooter.m; sourceTree = "<group>"; };
		51BF7E041FB007B90040BE9D /* MJRefreshAutoStateFooter.h */ = {isa = PBXFileReference; fileEncoding = 4; lastKnownFileType = sourcecode.c.h; path = MJRefreshAutoStateFooter.h; sourceTree = "<group>"; };
		51BF7E051FB007B90040BE9D /* MJRefreshAutoStateFooter.m */ = {isa = PBXFileReference; fileEncoding = 4; lastKnownFileType = sourcecode.c.objc; path = MJRefreshAutoStateFooter.m; sourceTree = "<group>"; };
		51BF7E071FB007B90040BE9D /* MJRefreshBackGifFooter.h */ = {isa = PBXFileReference; fileEncoding = 4; lastKnownFileType = sourcecode.c.h; path = MJRefreshBackGifFooter.h; sourceTree = "<group>"; };
		51BF7E081FB007B90040BE9D /* MJRefreshBackGifFooter.m */ = {isa = PBXFileReference; fileEncoding = 4; lastKnownFileType = sourcecode.c.objc; path = MJRefreshBackGifFooter.m; sourceTree = "<group>"; };
		51BF7E091FB007B90040BE9D /* MJRefreshBackNormalFooter.h */ = {isa = PBXFileReference; fileEncoding = 4; lastKnownFileType = sourcecode.c.h; path = MJRefreshBackNormalFooter.h; sourceTree = "<group>"; };
		51BF7E0A1FB007B90040BE9D /* MJRefreshBackNormalFooter.m */ = {isa = PBXFileReference; fileEncoding = 4; lastKnownFileType = sourcecode.c.objc; path = MJRefreshBackNormalFooter.m; sourceTree = "<group>"; };
		51BF7E0B1FB007B90040BE9D /* MJRefreshBackStateFooter.h */ = {isa = PBXFileReference; fileEncoding = 4; lastKnownFileType = sourcecode.c.h; path = MJRefreshBackStateFooter.h; sourceTree = "<group>"; };
		51BF7E0C1FB007B90040BE9D /* MJRefreshBackStateFooter.m */ = {isa = PBXFileReference; fileEncoding = 4; lastKnownFileType = sourcecode.c.objc; path = MJRefreshBackStateFooter.m; sourceTree = "<group>"; };
		51BF7E0E1FB007B90040BE9D /* MJRefreshGifHeader.h */ = {isa = PBXFileReference; fileEncoding = 4; lastKnownFileType = sourcecode.c.h; path = MJRefreshGifHeader.h; sourceTree = "<group>"; };
		51BF7E0F1FB007B90040BE9D /* MJRefreshGifHeader.m */ = {isa = PBXFileReference; fileEncoding = 4; lastKnownFileType = sourcecode.c.objc; path = MJRefreshGifHeader.m; sourceTree = "<group>"; };
		51BF7E101FB007B90040BE9D /* MJRefreshNormalHeader.h */ = {isa = PBXFileReference; fileEncoding = 4; lastKnownFileType = sourcecode.c.h; path = MJRefreshNormalHeader.h; sourceTree = "<group>"; };
		51BF7E111FB007B90040BE9D /* MJRefreshNormalHeader.m */ = {isa = PBXFileReference; fileEncoding = 4; lastKnownFileType = sourcecode.c.objc; path = MJRefreshNormalHeader.m; sourceTree = "<group>"; };
		51BF7E121FB007B90040BE9D /* MJRefreshStateHeader.h */ = {isa = PBXFileReference; fileEncoding = 4; lastKnownFileType = sourcecode.c.h; path = MJRefreshStateHeader.h; sourceTree = "<group>"; };
		51BF7E131FB007B90040BE9D /* MJRefreshStateHeader.m */ = {isa = PBXFileReference; fileEncoding = 4; lastKnownFileType = sourcecode.c.objc; path = MJRefreshStateHeader.m; sourceTree = "<group>"; };
		51BF7E141FB007B90040BE9D /* MJRefresh.bundle */ = {isa = PBXFileReference; lastKnownFileType = "wrapper.plug-in"; path = MJRefresh.bundle; sourceTree = "<group>"; };
		51BF7E151FB007B90040BE9D /* MJRefresh.h */ = {isa = PBXFileReference; fileEncoding = 4; lastKnownFileType = sourcecode.c.h; path = MJRefresh.h; sourceTree = "<group>"; };
		51BF7E161FB007B90040BE9D /* MJRefreshConst.h */ = {isa = PBXFileReference; fileEncoding = 4; lastKnownFileType = sourcecode.c.h; path = MJRefreshConst.h; sourceTree = "<group>"; };
		51BF7E171FB007B90040BE9D /* MJRefreshConst.m */ = {isa = PBXFileReference; fileEncoding = 4; lastKnownFileType = sourcecode.c.objc; path = MJRefreshConst.m; sourceTree = "<group>"; };
		51BF7E181FB007B90040BE9D /* NSBundle+MJRefresh.h */ = {isa = PBXFileReference; fileEncoding = 4; lastKnownFileType = sourcecode.c.h; path = "NSBundle+MJRefresh.h"; sourceTree = "<group>"; };
		51BF7E191FB007B90040BE9D /* NSBundle+MJRefresh.m */ = {isa = PBXFileReference; fileEncoding = 4; lastKnownFileType = sourcecode.c.objc; path = "NSBundle+MJRefresh.m"; sourceTree = "<group>"; };
		51BF7E1A1FB007B90040BE9D /* UIScrollView+MJExtension.h */ = {isa = PBXFileReference; fileEncoding = 4; lastKnownFileType = sourcecode.c.h; path = "UIScrollView+MJExtension.h"; sourceTree = "<group>"; };
		51BF7E1B1FB007B90040BE9D /* UIScrollView+MJExtension.m */ = {isa = PBXFileReference; fileEncoding = 4; lastKnownFileType = sourcecode.c.objc; path = "UIScrollView+MJExtension.m"; sourceTree = "<group>"; };
		51BF7E1C1FB007BA0040BE9D /* UIScrollView+MJRefresh.h */ = {isa = PBXFileReference; fileEncoding = 4; lastKnownFileType = sourcecode.c.h; path = "UIScrollView+MJRefresh.h"; sourceTree = "<group>"; };
		51BF7E1D1FB007BA0040BE9D /* UIScrollView+MJRefresh.m */ = {isa = PBXFileReference; fileEncoding = 4; lastKnownFileType = sourcecode.c.objc; path = "UIScrollView+MJRefresh.m"; sourceTree = "<group>"; };
		51BF7E1E1FB007BA0040BE9D /* UIView+MJExtension.h */ = {isa = PBXFileReference; fileEncoding = 4; lastKnownFileType = sourcecode.c.h; path = "UIView+MJExtension.h"; sourceTree = "<group>"; };
		51BF7E1F1FB007BA0040BE9D /* UIView+MJExtension.m */ = {isa = PBXFileReference; fileEncoding = 4; lastKnownFileType = sourcecode.c.objc; path = "UIView+MJExtension.m"; sourceTree = "<group>"; };
		51BF7E201FB007BA0040BE9D /* README.md */ = {isa = PBXFileReference; fileEncoding = 4; lastKnownFileType = net.daringfireball.markdown; path = README.md; sourceTree = "<group>"; };
		51BF7E3A1FB00D4A0040BE9D /* TBCollectionViewController.h */ = {isa = PBXFileReference; lastKnownFileType = sourcecode.c.h; path = TBCollectionViewController.h; sourceTree = "<group>"; };
		51BF7E3B1FB00D4A0040BE9D /* TBCollectionViewController.m */ = {isa = PBXFileReference; lastKnownFileType = sourcecode.c.objc; path = TBCollectionViewController.m; sourceTree = "<group>"; };
		51BF7E3D1FB036710040BE9D /* 2017-11-06 14_18_56.gif */ = {isa = PBXFileReference; lastKnownFileType = image.gif; path = "2017-11-06 14_18_56.gif"; sourceTree = "<group>"; };
		51BF7E3F1FB0387B0040BE9D /* 2017-11-06 14_26_04.gif */ = {isa = PBXFileReference; lastKnownFileType = image.gif; path = "2017-11-06 14_26_04.gif"; sourceTree = "<group>"; };
/* End PBXFileReference section */

/* Begin PBXFrameworksBuildPhase section */
		51BF7DAD1FB007330040BE9D /* Frameworks */ = {
			isa = PBXFrameworksBuildPhase;
			buildActionMask = 2147483647;
			files = (
			);
			runOnlyForDeploymentPostprocessing = 0;
		};
		51BF7DC51FB007330040BE9D /* Frameworks */ = {
			isa = PBXFrameworksBuildPhase;
			buildActionMask = 2147483647;
			files = (
			);
			runOnlyForDeploymentPostprocessing = 0;
		};
		51BF7DD01FB007330040BE9D /* Frameworks */ = {
			isa = PBXFrameworksBuildPhase;
			buildActionMask = 2147483647;
			files = (
			);
			runOnlyForDeploymentPostprocessing = 0;
		};
/* End PBXFrameworksBuildPhase section */

/* Begin PBXGroup section */
		51BF7DA71FB007330040BE9D = {
			isa = PBXGroup;
			children = (
				51BF7DB21FB007330040BE9D /* TBScrollViewEmpty */,
				51BF7DCB1FB007330040BE9D /* TBScrollViewEmptyTests */,
				51BF7DD61FB007330040BE9D /* TBScrollViewEmptyUITests */,
				51BF7DB11FB007330040BE9D /* Products */,
			);
			sourceTree = "<group>";
		};
		51BF7DB11FB007330040BE9D /* Products */ = {
			isa = PBXGroup;
			children = (
				51BF7DB01FB007330040BE9D /* TBScrollViewEmpty.app */,
				51BF7DC81FB007330040BE9D /* TBScrollViewEmptyTests.xctest */,
				51BF7DD31FB007330040BE9D /* TBScrollViewEmptyUITests.xctest */,
			);
			name = Products;
			sourceTree = "<group>";
		};
		51BF7DB21FB007330040BE9D /* TBScrollViewEmpty */ = {
			isa = PBXGroup;
			children = (
				51BF7DE51FB007570040BE9D /* code */,
				51BF7DB31FB007330040BE9D /* AppDelegate.h */,
				51BF7DB41FB007330040BE9D /* AppDelegate.m */,
				51BF7DBC1FB007330040BE9D /* Assets.xcassets */,
				51BF7DBE1FB007330040BE9D /* LaunchScreen.storyboard */,
				51BF7DC11FB007330040BE9D /* Info.plist */,
				51BF7DC21FB007330040BE9D /* main.m */,
			);
			path = TBScrollViewEmpty;
			sourceTree = "<group>";
		};
		51BF7DCB1FB007330040BE9D /* TBScrollViewEmptyTests */ = {
			isa = PBXGroup;
			children = (
				51BF7DCC1FB007330040BE9D /* TBScrollViewEmptyTests.m */,
				51BF7DCE1FB007330040BE9D /* Info.plist */,
			);
			path = TBScrollViewEmptyTests;
			sourceTree = "<group>";
		};
		51BF7DD61FB007330040BE9D /* TBScrollViewEmptyUITests */ = {
			isa = PBXGroup;
			children = (
				51BF7DD71FB007330040BE9D /* TBScrollViewEmptyUITests.m */,
				51BF7DD91FB007330040BE9D /* Info.plist */,
			);
			path = TBScrollViewEmptyUITests;
			sourceTree = "<group>";
		};
		51BF7DE51FB007570040BE9D /* code */ = {
			isa = PBXGroup;
			children = (
				51BF7E3F1FB0387B0040BE9D /* 2017-11-06 14_26_04.gif */,
				51BF7E3D1FB036710040BE9D /* 2017-11-06 14_18_56.gif */,
				51BF7DEF1FB007B90040BE9D /* MJRefresh */,
				51BF7DE61FB007570040BE9D /* TBMainVC.h */,
				51BF7DE71FB007570040BE9D /* TBMainVC.m */,
				51BF7DEA1FB007570040BE9D /* UIScrollView+TBEmpty.h */,
				51BF7DEB1FB007570040BE9D /* UIScrollView+TBEmpty.m */,
				51BF7DE81FB007570040BE9D /* TBTableViewController.h */,
				51BF7DE91FB007570040BE9D /* TBTableViewController.m */,
				51BF7E3A1FB00D4A0040BE9D /* TBCollectionViewController.h */,
				51BF7E3B1FB00D4A0040BE9D /* TBCollectionViewController.m */,
			);
			path = code;
			sourceTree = "<group>";
		};
		51BF7DEF1FB007B90040BE9D /* MJRefresh */ = {
			isa = PBXGroup;
			children = (
				51BF7DF01FB007B90040BE9D /* LICENSE */,
				51BF7DF11FB007B90040BE9D /* MJRefresh */,
				51BF7E201FB007BA0040BE9D /* README.md */,
			);
			path = MJRefresh;
			sourceTree = "<group>";
		};
		51BF7DF11FB007B90040BE9D /* MJRefresh */ = {
			isa = PBXGroup;
			children = (
				51BF7DF21FB007B90040BE9D /* Base */,
				51BF7DFD1FB007B90040BE9D /* Custom */,
				51BF7E141FB007B90040BE9D /* MJRefresh.bundle */,
				51BF7E151FB007B90040BE9D /* MJRefresh.h */,
				51BF7E161FB007B90040BE9D /* MJRefreshConst.h */,
				51BF7E171FB007B90040BE9D /* MJRefreshConst.m */,
				51BF7E181FB007B90040BE9D /* NSBundle+MJRefresh.h */,
				51BF7E191FB007B90040BE9D /* NSBundle+MJRefresh.m */,
				51BF7E1A1FB007B90040BE9D /* UIScrollView+MJExtension.h */,
				51BF7E1B1FB007B90040BE9D /* UIScrollView+MJExtension.m */,
				51BF7E1C1FB007BA0040BE9D /* UIScrollView+MJRefresh.h */,
				51BF7E1D1FB007BA0040BE9D /* UIScrollView+MJRefresh.m */,
				51BF7E1E1FB007BA0040BE9D /* UIView+MJExtension.h */,
				51BF7E1F1FB007BA0040BE9D /* UIView+MJExtension.m */,
			);
			path = MJRefresh;
			sourceTree = "<group>";
		};
		51BF7DF21FB007B90040BE9D /* Base */ = {
			isa = PBXGroup;
			children = (
				51BF7DF31FB007B90040BE9D /* MJRefreshAutoFooter.h */,
				51BF7DF41FB007B90040BE9D /* MJRefreshAutoFooter.m */,
				51BF7DF51FB007B90040BE9D /* MJRefreshBackFooter.h */,
				51BF7DF61FB007B90040BE9D /* MJRefreshBackFooter.m */,
				51BF7DF71FB007B90040BE9D /* MJRefreshComponent.h */,
				51BF7DF81FB007B90040BE9D /* MJRefreshComponent.m */,
				51BF7DF91FB007B90040BE9D /* MJRefreshFooter.h */,
				51BF7DFA1FB007B90040BE9D /* MJRefreshFooter.m */,
				51BF7DFB1FB007B90040BE9D /* MJRefreshHeader.h */,
				51BF7DFC1FB007B90040BE9D /* MJRefreshHeader.m */,
			);
			path = Base;
			sourceTree = "<group>";
		};
		51BF7DFD1FB007B90040BE9D /* Custom */ = {
			isa = PBXGroup;
			children = (
				51BF7DFE1FB007B90040BE9D /* Footer */,
				51BF7E0D1FB007B90040BE9D /* Header */,
			);
			path = Custom;
			sourceTree = "<group>";
		};
		51BF7DFE1FB007B90040BE9D /* Footer */ = {
			isa = PBXGroup;
			children = (
				51BF7DFF1FB007B90040BE9D /* Auto */,
				51BF7E061FB007B90040BE9D /* Back */,
			);
			path = Footer;
			sourceTree = "<group>";
		};
		51BF7DFF1FB007B90040BE9D /* Auto */ = {
			isa = PBXGroup;
			children = (
				51BF7E001FB007B90040BE9D /* MJRefreshAutoGifFooter.h */,
				51BF7E011FB007B90040BE9D /* MJRefreshAutoGifFooter.m */,
				51BF7E021FB007B90040BE9D /* MJRefreshAutoNormalFooter.h */,
				51BF7E031FB007B90040BE9D /* MJRefreshAutoNormalFooter.m */,
				51BF7E041FB007B90040BE9D /* MJRefreshAutoStateFooter.h */,
				51BF7E051FB007B90040BE9D /* MJRefreshAutoStateFooter.m */,
			);
			path = Auto;
			sourceTree = "<group>";
		};
		51BF7E061FB007B90040BE9D /* Back */ = {
			isa = PBXGroup;
			children = (
				51BF7E071FB007B90040BE9D /* MJRefreshBackGifFooter.h */,
				51BF7E081FB007B90040BE9D /* MJRefreshBackGifFooter.m */,
				51BF7E091FB007B90040BE9D /* MJRefreshBackNormalFooter.h */,
				51BF7E0A1FB007B90040BE9D /* MJRefreshBackNormalFooter.m */,
				51BF7E0B1FB007B90040BE9D /* MJRefreshBackStateFooter.h */,
				51BF7E0C1FB007B90040BE9D /* MJRefreshBackStateFooter.m */,
			);
			path = Back;
			sourceTree = "<group>";
		};
		51BF7E0D1FB007B90040BE9D /* Header */ = {
			isa = PBXGroup;
			children = (
				51BF7E0E1FB007B90040BE9D /* MJRefreshGifHeader.h */,
				51BF7E0F1FB007B90040BE9D /* MJRefreshGifHeader.m */,
				51BF7E101FB007B90040BE9D /* MJRefreshNormalHeader.h */,
				51BF7E111FB007B90040BE9D /* MJRefreshNormalHeader.m */,
				51BF7E121FB007B90040BE9D /* MJRefreshStateHeader.h */,
				51BF7E131FB007B90040BE9D /* MJRefreshStateHeader.m */,
			);
			path = Header;
			sourceTree = "<group>";
		};
/* End PBXGroup section */

/* Begin PBXNativeTarget section */
		51BF7DAF1FB007330040BE9D /* TBScrollViewEmpty */ = {
			isa = PBXNativeTarget;
			buildConfigurationList = 51BF7DDC1FB007330040BE9D /* Build configuration list for PBXNativeTarget "TBScrollViewEmpty" */;
			buildPhases = (
				51BF7DAC1FB007330040BE9D /* Sources */,
				51BF7DAD1FB007330040BE9D /* Frameworks */,
				51BF7DAE1FB007330040BE9D /* Resources */,
			);
			buildRules = (
			);
			dependencies = (
			);
			name = TBScrollViewEmpty;
			productName = TBScrollViewEmpty;
			productReference = 51BF7DB01FB007330040BE9D /* TBScrollViewEmpty.app */;
			productType = "com.apple.product-type.application";
		};
		51BF7DC71FB007330040BE9D /* TBScrollViewEmptyTests */ = {
			isa = PBXNativeTarget;
			buildConfigurationList = 51BF7DDF1FB007330040BE9D /* Build configuration list for PBXNativeTarget "TBScrollViewEmptyTests" */;
			buildPhases = (
				51BF7DC41FB007330040BE9D /* Sources */,
				51BF7DC51FB007330040BE9D /* Frameworks */,
				51BF7DC61FB007330040BE9D /* Resources */,
			);
			buildRules = (
			);
			dependencies = (
				51BF7DCA1FB007330040BE9D /* PBXTargetDependency */,
			);
			name = TBScrollViewEmptyTests;
			productName = TBScrollViewEmptyTests;
			productReference = 51BF7DC81FB007330040BE9D /* TBScrollViewEmptyTests.xctest */;
			productType = "com.apple.product-type.bundle.unit-test";
		};
		51BF7DD21FB007330040BE9D /* TBScrollViewEmptyUITests */ = {
			isa = PBXNativeTarget;
			buildConfigurationList = 51BF7DE21FB007330040BE9D /* Build configuration list for PBXNativeTarget "TBScrollViewEmptyUITests" */;
			buildPhases = (
				51BF7DCF1FB007330040BE9D /* Sources */,
				51BF7DD01FB007330040BE9D /* Frameworks */,
				51BF7DD11FB007330040BE9D /* Resources */,
			);
			buildRules = (
			);
			dependencies = (
				51BF7DD51FB007330040BE9D /* PBXTargetDependency */,
			);
			name = TBScrollViewEmptyUITests;
			productName = TBScrollViewEmptyUITests;
			productReference = 51BF7DD31FB007330040BE9D /* TBScrollViewEmptyUITests.xctest */;
			productType = "com.apple.product-type.bundle.ui-testing";
		};
/* End PBXNativeTarget section */

/* Begin PBXProject section */
		51BF7DA81FB007330040BE9D /* Project object */ = {
			isa = PBXProject;
			attributes = {
				LastUpgradeCheck = 0910;
				ORGANIZATIONNAME = hanchuangkeji;
				TargetAttributes = {
					51BF7DAF1FB007330040BE9D = {
						CreatedOnToolsVersion = 9.1;
						ProvisioningStyle = Automatic;
					};
					51BF7DC71FB007330040BE9D = {
						CreatedOnToolsVersion = 9.1;
						ProvisioningStyle = Automatic;
						TestTargetID = 51BF7DAF1FB007330040BE9D;
					};
					51BF7DD21FB007330040BE9D = {
						CreatedOnToolsVersion = 9.1;
						ProvisioningStyle = Automatic;
						TestTargetID = 51BF7DAF1FB007330040BE9D;
					};
				};
			};
			buildConfigurationList = 51BF7DAB1FB007330040BE9D /* Build configuration list for PBXProject "TBScrollViewEmpty" */;
			compatibilityVersion = "Xcode 8.0";
			developmentRegion = en;
			hasScannedForEncodings = 0;
			knownRegions = (
				en,
				Base,
			);
			mainGroup = 51BF7DA71FB007330040BE9D;
			productRefGroup = 51BF7DB11FB007330040BE9D /* Products */;
			projectDirPath = "";
			projectRoot = "";
			targets = (
				51BF7DAF1FB007330040BE9D /* TBScrollViewEmpty */,
				51BF7DC71FB007330040BE9D /* TBScrollViewEmptyTests */,
				51BF7DD21FB007330040BE9D /* TBScrollViewEmptyUITests */,
			);
		};
/* End PBXProject section */

/* Begin PBXResourcesBuildPhase section */
		51BF7DAE1FB007330040BE9D /* Resources */ = {
			isa = PBXResourcesBuildPhase;
			buildActionMask = 2147483647;
			files = (
				51BF7E211FB007BA0040BE9D /* LICENSE in Resources */,
				51BF7E401FB0387B0040BE9D /* 2017-11-06 14_26_04.gif in Resources */,
				51BF7DC01FB007330040BE9D /* LaunchScreen.storyboard in Resources */,
				51BF7E361FB007BA0040BE9D /* README.md in Resources */,
				51BF7E301FB007BA0040BE9D /* MJRefresh.bundle in Resources */,
				51BF7E3E1FB036710040BE9D /* 2017-11-06 14_18_56.gif in Resources */,
				51BF7DBD1FB007330040BE9D /* Assets.xcassets in Resources */,
			);
			runOnlyForDeploymentPostprocessing = 0;
		};
		51BF7DC61FB007330040BE9D /* Resources */ = {
			isa = PBXResourcesBuildPhase;
			buildActionMask = 2147483647;
			files = (
			);
			runOnlyForDeploymentPostprocessing = 0;
		};
		51BF7DD11FB007330040BE9D /* Resources */ = {
			isa = PBXResourcesBuildPhase;
			buildActionMask = 2147483647;
			files = (
			);
			runOnlyForDeploymentPostprocessing = 0;
		};
/* End PBXResourcesBuildPhase section */

/* Begin PBXSourcesBuildPhase section */
		51BF7DAC1FB007330040BE9D /* Sources */ = {
			isa = PBXSourcesBuildPhase;
			buildActionMask = 2147483647;
			files = (
				51BF7E2E1FB007BA0040BE9D /* MJRefreshNormalHeader.m in Sources */,
				51BF7E321FB007BA0040BE9D /* NSBundle+MJRefresh.m in Sources */,
				51BF7E2F1FB007BA0040BE9D /* MJRefreshStateHeader.m in Sources */,
				51BF7E2D1FB007BA0040BE9D /* MJRefreshGifHeader.m in Sources */,
				51BF7E2B1FB007BA0040BE9D /* MJRefreshBackNormalFooter.m in Sources */,
				51BF7E311FB007BA0040BE9D /* MJRefreshConst.m in Sources */,
				51BF7E3C1FB00D4B0040BE9D /* TBCollectionViewController.m in Sources */,
				51BF7E241FB007BA0040BE9D /* MJRefreshComponent.m in Sources */,
				51BF7E351FB007BA0040BE9D /* UIView+MJExtension.m in Sources */,
				51BF7E271FB007BA0040BE9D /* MJRefreshAutoGifFooter.m in Sources */,
				51BF7E331FB007BA0040BE9D /* UIScrollView+MJExtension.m in Sources */,
				51BF7E231FB007BA0040BE9D /* MJRefreshBackFooter.m in Sources */,
				51BF7DEC1FB007570040BE9D /* TBMainVC.m in Sources */,
				51BF7DC31FB007330040BE9D /* main.m in Sources */,
				51BF7E281FB007BA0040BE9D /* MJRefreshAutoNormalFooter.m in Sources */,
				51BF7DB51FB007330040BE9D /* AppDelegate.m in Sources */,
				51BF7E2A1FB007BA0040BE9D /* MJRefreshBackGifFooter.m in Sources */,
				51BF7E261FB007BA0040BE9D /* MJRefreshHeader.m in Sources */,
				51BF7E291FB007BA0040BE9D /* MJRefreshAutoStateFooter.m in Sources */,
				51BF7E251FB007BA0040BE9D /* MJRefreshFooter.m in Sources */,
				51BF7E341FB007BA0040BE9D /* UIScrollView+MJRefresh.m in Sources */,
				51BF7E2C1FB007BA0040BE9D /* MJRefreshBackStateFooter.m in Sources */,
				51BF7DED1FB007570040BE9D /* TBTableViewController.m in Sources */,
				51BF7E221FB007BA0040BE9D /* MJRefreshAutoFooter.m in Sources */,
				51BF7DEE1FB007570040BE9D /* UIScrollView+TBEmpty.m in Sources */,
			);
			runOnlyForDeploymentPostprocessing = 0;
		};
		51BF7DC41FB007330040BE9D /* Sources */ = {
			isa = PBXSourcesBuildPhase;
			buildActionMask = 2147483647;
			files = (
				51BF7DCD1FB007330040BE9D /* TBScrollViewEmptyTests.m in Sources */,
			);
			runOnlyForDeploymentPostprocessing = 0;
		};
		51BF7DCF1FB007330040BE9D /* Sources */ = {
			isa = PBXSourcesBuildPhase;
			buildActionMask = 2147483647;
			files = (
				51BF7DD81FB007330040BE9D /* TBScrollViewEmptyUITests.m in Sources */,
			);
			runOnlyForDeploymentPostprocessing = 0;
		};
/* End PBXSourcesBuildPhase section */

/* Begin PBXTargetDependency section */
		51BF7DCA1FB007330040BE9D /* PBXTargetDependency */ = {
			isa = PBXTargetDependency;
			target = 51BF7DAF1FB007330040BE9D /* TBScrollViewEmpty */;
			targetProxy = 51BF7DC91FB007330040BE9D /* PBXContainerItemProxy */;
		};
		51BF7DD51FB007330040BE9D /* PBXTargetDependency */ = {
			isa = PBXTargetDependency;
			target = 51BF7DAF1FB007330040BE9D /* TBScrollViewEmpty */;
			targetProxy = 51BF7DD41FB007330040BE9D /* PBXContainerItemProxy */;
		};
/* End PBXTargetDependency section */

/* Begin PBXVariantGroup section */
		51BF7DBE1FB007330040BE9D /* LaunchScreen.storyboard */ = {
			isa = PBXVariantGroup;
			children = (
				51BF7DBF1FB007330040BE9D /* Base */,
			);
			name = LaunchScreen.storyboard;
			sourceTree = "<group>";
		};
/* End PBXVariantGroup section */

/* Begin XCBuildConfiguration section */
		51BF7DDA1FB007330040BE9D /* Debug */ = {
			isa = XCBuildConfiguration;
			buildSettings = {
				ALWAYS_SEARCH_USER_PATHS = NO;
				CLANG_ANALYZER_NONNULL = YES;
				CLANG_ANALYZER_NUMBER_OBJECT_CONVERSION = YES_AGGRESSIVE;
				CLANG_CXX_LANGUAGE_STANDARD = "gnu++14";
				CLANG_CXX_LIBRARY = "libc++";
				CLANG_ENABLE_MODULES = YES;
				CLANG_ENABLE_OBJC_ARC = YES;
				CLANG_WARN_BLOCK_CAPTURE_AUTORELEASING = YES;
				CLANG_WARN_BOOL_CONVERSION = YES;
				CLANG_WARN_COMMA = YES;
				CLANG_WARN_CONSTANT_CONVERSION = YES;
				CLANG_WARN_DIRECT_OBJC_ISA_USAGE = YES_ERROR;
				CLANG_WARN_DOCUMENTATION_COMMENTS = YES;
				CLANG_WARN_EMPTY_BODY = YES;
				CLANG_WARN_ENUM_CONVERSION = YES;
				CLANG_WARN_INFINITE_RECURSION = YES;
				CLANG_WARN_INT_CONVERSION = YES;
				CLANG_WARN_NON_LITERAL_NULL_CONVERSION = YES;
				CLANG_WARN_OBJC_LITERAL_CONVERSION = YES;
				CLANG_WARN_OBJC_ROOT_CLASS = YES_ERROR;
				CLANG_WARN_RANGE_LOOP_ANALYSIS = YES;
				CLANG_WARN_STRICT_PROTOTYPES = YES;
				CLANG_WARN_SUSPICIOUS_MOVE = YES;
				CLANG_WARN_UNGUARDED_AVAILABILITY = YES_AGGRESSIVE;
				CLANG_WARN_UNREACHABLE_CODE = YES;
				CLANG_WARN__DUPLICATE_METHOD_MATCH = YES;
				CODE_SIGN_IDENTITY = "iPhone Developer";
				COPY_PHASE_STRIP = NO;
				DEBUG_INFORMATION_FORMAT = dwarf;
				ENABLE_STRICT_OBJC_MSGSEND = YES;
				ENABLE_TESTABILITY = YES;
				GCC_C_LANGUAGE_STANDARD = gnu11;
				GCC_DYNAMIC_NO_PIC = NO;
				GCC_NO_COMMON_BLOCKS = YES;
				GCC_OPTIMIZATION_LEVEL = 0;
				GCC_PREPROCESSOR_DEFINITIONS = (
					"DEBUG=1",
					"$(inherited)",
				);
				GCC_WARN_64_TO_32_BIT_CONVERSION = YES;
				GCC_WARN_ABOUT_RETURN_TYPE = YES_ERROR;
				GCC_WARN_UNDECLARED_SELECTOR = YES;
				GCC_WARN_UNINITIALIZED_AUTOS = YES_AGGRESSIVE;
				GCC_WARN_UNUSED_FUNCTION = YES;
				GCC_WARN_UNUSED_VARIABLE = YES;
				IPHONEOS_DEPLOYMENT_TARGET = 11.1;
				MTL_ENABLE_DEBUG_INFO = YES;
				ONLY_ACTIVE_ARCH = YES;
				SDKROOT = iphoneos;
			};
			name = Debug;
		};
		51BF7DDB1FB007330040BE9D /* Release */ = {
			isa = XCBuildConfiguration;
			buildSettings = {
				ALWAYS_SEARCH_USER_PATHS = NO;
				CLANG_ANALYZER_NONNULL = YES;
				CLANG_ANALYZER_NUMBER_OBJECT_CONVERSION = YES_AGGRESSIVE;
				CLANG_CXX_LANGUAGE_STANDARD = "gnu++14";
				CLANG_CXX_LIBRARY = "libc++";
				CLANG_ENABLE_MODULES = YES;
				CLANG_ENABLE_OBJC_ARC = YES;
				CLANG_WARN_BLOCK_CAPTURE_AUTORELEASING = YES;
				CLANG_WARN_BOOL_CONVERSION = YES;
				CLANG_WARN_COMMA = YES;
				CLANG_WARN_CONSTANT_CONVERSION = YES;
				CLANG_WARN_DIRECT_OBJC_ISA_USAGE = YES_ERROR;
				CLANG_WARN_DOCUMENTATION_COMMENTS = YES;
				CLANG_WARN_EMPTY_BODY = YES;
				CLANG_WARN_ENUM_CONVERSION = YES;
				CLANG_WARN_INFINITE_RECURSION = YES;
				CLANG_WARN_INT_CONVERSION = YES;
				CLANG_WARN_NON_LITERAL_NULL_CONVERSION = YES;
				CLANG_WARN_OBJC_LITERAL_CONVERSION = YES;
				CLANG_WARN_OBJC_ROOT_CLASS = YES_ERROR;
				CLANG_WARN_RANGE_LOOP_ANALYSIS = YES;
				CLANG_WARN_STRICT_PROTOTYPES = YES;
				CLANG_WARN_SUSPICIOUS_MOVE = YES;
				CLANG_WARN_UNGUARDED_AVAILABILITY = YES_AGGRESSIVE;
				CLANG_WARN_UNREACHABLE_CODE = YES;
				CLANG_WARN__DUPLICATE_METHOD_MATCH = YES;
				CODE_SIGN_IDENTITY = "iPhone Developer";
				COPY_PHASE_STRIP = NO;
				DEBUG_INFORMATION_FORMAT = "dwarf-with-dsym";
				ENABLE_NS_ASSERTIONS = NO;
				ENABLE_STRICT_OBJC_MSGSEND = YES;
				GCC_C_LANGUAGE_STANDARD = gnu11;
				GCC_NO_COMMON_BLOCKS = YES;
				GCC_WARN_64_TO_32_BIT_CONVERSION = YES;
				GCC_WARN_ABOUT_RETURN_TYPE = YES_ERROR;
				GCC_WARN_UNDECLARED_SELECTOR = YES;
				GCC_WARN_UNINITIALIZED_AUTOS = YES_AGGRESSIVE;
				GCC_WARN_UNUSED_FUNCTION = YES;
				GCC_WARN_UNUSED_VARIABLE = YES;
				IPHONEOS_DEPLOYMENT_TARGET = 11.1;
				MTL_ENABLE_DEBUG_INFO = NO;
				SDKROOT = iphoneos;
				VALIDATE_PRODUCT = YES;
			};
			name = Release;
		};
		51BF7DDD1FB007330040BE9D /* Debug */ = {
			isa = XCBuildConfiguration;
			buildSettings = {
				ASSETCATALOG_COMPILER_APPICON_NAME = AppIcon;
				CODE_SIGN_STYLE = Automatic;
				DEVELOPMENT_TEAM = 26T3GN5W2S;
				INFOPLIST_FILE = TBScrollViewEmpty/Info.plist;
				IPHONEOS_DEPLOYMENT_TARGET = 10.0;
				LD_RUNPATH_SEARCH_PATHS = "$(inherited) @executable_path/Frameworks";
				PRODUCT_BUNDLE_IDENTIFIER = com.pintu.ttttttttt.TBScrollViewEmpty;
				PRODUCT_NAME = "$(TARGET_NAME)";
				TARGETED_DEVICE_FAMILY = "1,2";
			};
			name = Debug;
		};
		51BF7DDE1FB007330040BE9D /* Release */ = {
			isa = XCBuildConfiguration;
			buildSettings = {
				ASSETCATALOG_COMPILER_APPICON_NAME = AppIcon;
				CODE_SIGN_STYLE = Automatic;
				DEVELOPMENT_TEAM = 26T3GN5W2S;
				INFOPLIST_FILE = TBScrollViewEmpty/Info.plist;
				IPHONEOS_DEPLOYMENT_TARGET = 10.0;
				LD_RUNPATH_SEARCH_PATHS = "$(inherited) @executable_path/Frameworks";
				PRODUCT_BUNDLE_IDENTIFIER = com.pintu.ttttttttt.TBScrollViewEmpty;
				PRODUCT_NAME = "$(TARGET_NAME)";
				TARGETED_DEVICE_FAMILY = "1,2";
			};
			name = Release;
		};
		51BF7DE01FB007330040BE9D /* Debug */ = {
			isa = XCBuildConfiguration;
			buildSettings = {
				BUNDLE_LOADER = "$(TEST_HOST)";
				CODE_SIGN_STYLE = Automatic;
				INFOPLIST_FILE = TBScrollViewEmptyTests/Info.plist;
				LD_RUNPATH_SEARCH_PATHS = "$(inherited) @executable_path/Frameworks @loader_path/Frameworks";
				PRODUCT_BUNDLE_IDENTIFIER = com.pintu.ttttttttt.TBScrollViewEmptyTests;
				PRODUCT_NAME = "$(TARGET_NAME)";
				TARGETED_DEVICE_FAMILY = "1,2";
				TEST_HOST = "$(BUILT_PRODUCTS_DIR)/TBScrollViewEmpty.app/TBScrollViewEmpty";
			};
			name = Debug;
		};
		51BF7DE11FB007330040BE9D /* Release */ = {
			isa = XCBuildConfiguration;
			buildSettings = {
				BUNDLE_LOADER = "$(TEST_HOST)";
				CODE_SIGN_STYLE = Automatic;
				INFOPLIST_FILE = TBScrollViewEmptyTests/Info.plist;
				LD_RUNPATH_SEARCH_PATHS = "$(inherited) @executable_path/Frameworks @loader_path/Frameworks";
				PRODUCT_BUNDLE_IDENTIFIER = com.pintu.ttttttttt.TBScrollViewEmptyTests;
				PRODUCT_NAME = "$(TARGET_NAME)";
				TARGETED_DEVICE_FAMILY = "1,2";
				TEST_HOST = "$(BUILT_PRODUCTS_DIR)/TBScrollViewEmpty.app/TBScrollViewEmpty";
			};
			name = Release;
		};
		51BF7DE31FB007330040BE9D /* Debug */ = {
			isa = XCBuildConfiguration;
			buildSettings = {
				CODE_SIGN_STYLE = Automatic;
				INFOPLIST_FILE = TBScrollViewEmptyUITests/Info.plist;
				LD_RUNPATH_SEARCH_PATHS = "$(inherited) @executable_path/Frameworks @loader_path/Frameworks";
				PRODUCT_BUNDLE_IDENTIFIER = com.pintu.ttttttttt.TBScrollViewEmptyUITests;
				PRODUCT_NAME = "$(TARGET_NAME)";
				TARGETED_DEVICE_FAMILY = "1,2";
				TEST_TARGET_NAME = TBScrollViewEmpty;
			};
			name = Debug;
		};
		51BF7DE41FB007330040BE9D /* Release */ = {
			isa = XCBuildConfiguration;
			buildSettings = {
				CODE_SIGN_STYLE = Automatic;
				INFOPLIST_FILE = TBScrollViewEmptyUITests/Info.plist;
				LD_RUNPATH_SEARCH_PATHS = "$(inherited) @executable_path/Frameworks @loader_path/Frameworks";
				PRODUCT_BUNDLE_IDENTIFIER = com.pintu.ttttttttt.TBScrollViewEmptyUITests;
				PRODUCT_NAME = "$(TARGET_NAME)";
				TARGETED_DEVICE_FAMILY = "1,2";
				TEST_TARGET_NAME = TBScrollViewEmpty;
			};
			name = Release;
		};
/* End XCBuildConfiguration section */

/* Begin XCConfigurationList section */
		51BF7DAB1FB007330040BE9D /* Build configuration list for PBXProject "TBScrollViewEmpty" */ = {
			isa = XCConfigurationList;
			buildConfigurations = (
				51BF7DDA1FB007330040BE9D /* Debug */,
				51BF7DDB1FB007330040BE9D /* Release */,
			);
			defaultConfigurationIsVisible = 0;
			defaultConfigurationName = Release;
		};
		51BF7DDC1FB007330040BE9D /* Build configuration list for PBXNativeTarget "TBScrollViewEmpty" */ = {
			isa = XCConfigurationList;
			buildConfigurations = (
				51BF7DDD1FB007330040BE9D /* Debug */,
				51BF7DDE1FB007330040BE9D /* Release */,
			);
			defaultConfigurationIsVisible = 0;
			defaultConfigurationName = Release;
		};
		51BF7DDF1FB007330040BE9D /* Build configuration list for PBXNativeTarget "TBScrollViewEmptyTests" */ = {
			isa = XCConfigurationList;
			buildConfigurations = (
				51BF7DE01FB007330040BE9D /* Debug */,
				51BF7DE11FB007330040BE9D /* Release */,
			);
			defaultConfigurationIsVisible = 0;
			defaultConfigurationName = Release;
		};
		51BF7DE21FB007330040BE9D /* Build configuration list for PBXNativeTarget "TBScrollViewEmptyUITests" */ = {
			isa = XCConfigurationList;
			buildConfigurations = (
				51BF7DE31FB007330040BE9D /* Debug */,
				51BF7DE41FB007330040BE9D /* Release */,
			);
			defaultConfigurationIsVisible = 0;
			defaultConfigurationName = Release;
		};
/* End XCConfigurationList section */
	};
	rootObject = 51BF7DA81FB007330040BE9D /* Project object */;
}
